
Microsoft Visual Studio Solution File, Format Version 12.00
# Visual Studio 15
VisualStudioVersion = 15.0.28307.1705
MinimumVisualStudioVersion = 10.0.40219.1
Project("{FAE04EC0-301F-11D3-BF4B-00C04F79EFBC}") = "MyNotepad", "MyNotepad\MyNotepad.csproj", "{DEAE09D4-67ED-4A9F-928C-4EB75D7B3A79}"
EndProject
Global
	GlobalSection(SolutionConfigurationPlatforms) = preSolution
		Debug|Any CPU = Debug|Any CPU
		Release|Any CPU = Release|Any CPU
	EndGlobalSection
	GlobalSection(ProjectConfigurationPlatforms) = postSolution
		{DEAE09D4-67ED-4A9F-928C-4EB75D7B3A79}.Debug|Any CPU.ActiveCfg = Debug|Any CPU
		{DEAE09D4-67ED-4A9F-928C-4EB75D7B3A79}.Debug|Any CPU.Build.0 = Debug|Any CPU
		{DEAE09D4-67ED-4A9F-928C-4EB75D7B3A79}.Release|Any CPU.ActiveCfg = Release|Any CPU
		{DEAE09D4-67ED-4A9F-928C-4EB75D7B3A79}.Release|Any CPU.Build.0 = Release|Any CPU
	EndGlobalSection
	GlobalSection(SolutionProperties) = preSolution
		HideSolutionNode = FALSE
	EndGlobalSection
	GlobalSection(ExtensibilityGlobals) = postSolution
		SolutionGuid = {1C574411-5596-421F-AD8F-CEF164220C44}
	EndGlobalSection
EndGlobal
